<?xml version="1.0" encoding="utf-8"?>
<Project ToolsVersion="4.0" xmlns="http://schemas.microsoft.com/developer/msbuild/2003">
  <ItemGroup>
    <Filter Include="Файлы исходного кода">
      <UniqueIdentifier>{4FC737F1-C7A5-4376-A066-2A32D752A2FF}</UniqueIdentifier>
      <Extensions>cpp;c;cc;cxx;def;odl;idl;hpj;bat;asm;asmx</Extensions>
    </Filter>
    <Filter Include="Заголовочные файлы">
      <UniqueIdentifier>{93995380-89BD-4b04-88EB-625FBE52EBFB}</UniqueIdentifier>
      <Extensions>h;hh;hpp;hxx;hm;inl;inc;xsd</Extensions>
    </Filter>
    <Filter Include="Файлы ресурсов">
      <UniqueIdentifier>{67DA6AB6-F800-4c08-8B7A-83BB121AAD01}</UniqueIdentifier>
      <Extensions>rc;ico;cur;bmp;dlg;rc2;rct;bin;rgs;gif;jpg;jpeg;jpe;resx;tiff;tif;png;wav;mfcribbon-ms</Extensions>
    </Filter>
    <Filter Include="Point">
      <UniqueIdentifier>{99d1f8ec-4858-430b-ab0a-d6db873a0a85}</UniqueIdentifier>
    </Filter>
    <Filter Include="Writer">
      <UniqueIdentifier>{2c0ff22a-e15d-4a18-bfa6-81f915a48d9f}</UniqueIdentifier>
    </Filter>
    <Filter Include="Reader">
      <UniqueIdentifier>{ebaf9a18-189c-4bd5-a635-0d3d0761a0c3}</UniqueIdentifier>
    </Filter>
    <Filter Include="SimParams">
      <UniqueIdentifier>{3f4fae25-9e16-467f-9cba-751939cbc00b}</UniqueIdentifier>
    </Filter>
  </ItemGroup>
  <ItemGroup>
    <Text Include="ReadMe.txt" />
  </ItemGroup>
  <ItemGroup>
    <ClInclude Include="Point.h">
      <Filter>Point</Filter>
    </ClInclude>
    <ClInclude Include="Frame.h">
      <Filter>Point</Filter>
    </ClInclude>
    <ClInclude Include="Writer\Writer.h">
      <Filter>Writer</Filter>
    </ClInclude>
    <ClInclude Include="Reader\Reader.h">
      <Filter>Reader</Filter>
    </ClInclude>
    <ClInclude Include="SimParams\SimParams.h">
      <Filter>SimParams</Filter>
    </ClInclude>
    <ClInclude Include="SimParams\CommandLineParser.h">
      <Filter>SimParams</Filter>
    </ClInclude>
  </ItemGroup>
  <ItemGroup>
    <ClCompile Include="Frame.cpp">
      <Filter>Point</Filter>
    </ClCompile>
    <ClCompile Include="Writer\Writer.cpp">
      <Filter>Writer</Filter>
    </ClCompile>
    <ClCompile Include="Reader\Reader.cpp">
      <Filter>Reader</Filter>
    </ClCompile>
    <ClCompile Include="SimParams\CommandLineParser.cpp">
      <Filter>SimParams</Filter>
    </ClCompile>
  </ItemGroup>
</Project>